# THIS IS AN AUTOGENERATED FILE. DO NOT EDIT THIS FILE DIRECTLY.
# yarn lockfile v1


google-protobuf@^3.5.0:
  version "3.5.0"
  resolved "https://registry.yarnpkg.com/google-protobuf/-/google-protobuf-3.5.0.tgz#b8cc63c74d83457bd8a9a904503c8efb26bca339"

node-fetch@^2.0.0-alpha.9:
  version "2.0.0-alpha.9"
  resolved "https://registry.yarnpkg.com/node-fetch/-/node-fetch-2.0.0-alpha.9.tgz#990c0634f510f76449a0d6f6eaec96b22f273628"

twirp@^0.0.5:
  version "0.0.5"
  resolved "https://registry.yarnpkg.com/twirp/-/twirp-0.0.5.tgz#c16ae7454bcc90ad016f57a197b1dd3b4c4ed7f3"
  optionalDependencies:
    whatwg-fetch "^2.0.3"

whatwg-fetch@^2.0.3:
  version "2.0.3"
  resolved "https://registry.yarnpkg.com/whatwg-fetch/-/whatwg-fetch-2.0.3.tgz#9c84ec2dcf68187ff00bc64e1274b442176e1c84"
